
Microsoft Visual Studio Solution File, Format Version 12.00
# Visual Studio 15
VisualStudioVersion = 15.0.27703.2047
MinimumVisualStudioVersion = 10.0.40219.1
Project("{9A19103F-16F7-4668-BE54-9A1E7A4F7556}") = "TestANCM", "TestANCM.csproj", "{9B7A73B0-7039-4094-8ACF-BF0057983629}"
EndProject
Global
	GlobalSection(SolutionConfigurationPlatforms) = preSolution
		Debug|Any CPU = Debug|Any CPU
		Release|Any CPU = Release|Any CPU
	EndGlobalSection
	GlobalSection(ProjectConfigurationPlatforms) = postSolution
		{9B7A73B0-7039-4094-8ACF-BF0057983629}.Debug|Any CPU.ActiveCfg = Debug|Any CPU
		{9B7A73B0-7039-4094-8ACF-BF0057983629}.Debug|Any CPU.Build.0 = Debug|Any CPU
		{9B7A73B0-7039-4094-8ACF-BF0057983629}.Release|Any CPU.ActiveCfg = Release|Any CPU
		{9B7A73B0-7039-4094-8ACF-BF0057983629}.Release|Any CPU.Build.0 = Release|Any CPU
	EndGlobalSection
	GlobalSection(SolutionProperties) = preSolution
		HideSolutionNode = FALSE
	EndGlobalSection
	GlobalSection(ExtensibilityGlobals) = postSolution
		SolutionGuid = {F6FD58CF-AC8F-45F9-9CD9-DCC6F77D4BB8}
	EndGlobalSection
EndGlobal
